Microsoft Visual Studio Solution File, Format Version 12.00
# Visual Studio Version 17
VisualStudioVersion = 17.5.2.0
MinimumVisualStudioVersion = 10.0.40219.1
Project("{FAE04EC0-301F-11D3-BF4B-00C04F79EFBC}") = "Group5Flights", "Group5Flights.csproj", "{28FB5DA9-56DE-EE5C-6384-51DFB4A16011}"
EndProject
Global
	GlobalSection(SolutionConfigurationPlatforms) = preSolution
		Debug|Any CPU = Debug|Any CPU
		Release|Any CPU = Release|Any CPU
	EndGlobalSection
	GlobalSection(ProjectConfigurationPlatforms) = postSolution
		{28FB5DA9-56DE-EE5C-6384-51DFB4A16011}.Debug|Any CPU.ActiveCfg = Debug|Any CPU
		{28FB5DA9-56DE-EE5C-6384-51DFB4A16011}.Debug|Any CPU.Build.0 = Debug|Any CPU
		{28FB5DA9-56DE-EE5C-6384-51DFB4A16011}.Release|Any CPU.ActiveCfg = Release|Any CPU
		{28FB5DA9-56DE-EE5C-6384-51DFB4A16011}.Release|Any CPU.Build.0 = Release|Any CPU
	EndGlobalSection
	GlobalSection(SolutionProperties) = preSolution
		HideSolutionNode = FALSE
	EndGlobalSection
	GlobalSection(ExtensibilityGlobals) = postSolution
		SolutionGuid = {8F27A127-4F47-4245-8170-E4B57274F4E5}
	EndGlobalSection
EndGlobal
